version = 1
revision = 2
requires-python = ">=3.13"

[[package]]
name = "yt-dlp"
version = "2025.6.30"
source = { registry = "https://pypi.org/simple" }
sdist = { url = "https://files.pythonhosted.org/packages/23/9c/ff64c2fed7909f43a9a0aedb7395c65404e71c2439198764685a6e3b3059/yt_dlp-2025.6.30.tar.gz", hash = "sha256:6d0ae855c0a55bfcc28dffba804ec8525b9b955d34a41191a1561a4cec03d8bd", size = 3034364, upload-time = "2025-06-30T23:58:36.605Z" }
wheels = [
    { url = "https://files.pythonhosted.org/packages/14/41/2f048ae3f6d0fa2e59223f08ba5049dbcdac628b0a9f9deac722dd9260a5/yt_dlp-2025.6.30-py3-none-any.whl", hash = "sha256:541becc29ed7b7b3a08751c0a66da4b7f8ee95cb81066221c78e83598bc3d1f3", size = 3279333, upload-time = "2025-06-30T23:58:34.911Z" },
]

[[package]]
name = "ytdl"
version = "0.1.0"
source = { virtual = "." }
dependencies = [
    { name = "yt-dlp" },
]

[package.metadata]
requires-dist = [{ name = "yt-dlp", specifier = ">=2025.6.30" }]
